{
  "requires": true,
  "lockfileVersion": 1,
  "dependencies": {
    "bindings": {
      "version": "1.2.1",
      "resolved": "https://artifactory-eng.cargurus.com/artifactory/api/npm/npm-registry/bindings/-/bindings-1.2.1.tgz",
      "integrity": "sha1-FK1hE4EtLTfXLme0ystLtyZQXxE="
    },
    "commander": {
      "version": "2.20.3",
      "resolved": "https://artifactory-eng.cargurus.com/artifactory/api/npm/npm-registry/commander/-/commander-2.20.3.tgz",
      "integrity": "sha1-/UhehMA+tIgcIHIrpIA16FMa6zM="
    },
    "debug": {
      "version": "2.6.9",
      "resolved": "https://artifactory-eng.cargurus.com/artifactory/api/npm/npm-registry/debug/-/debug-2.6.9.tgz",
      "integrity": "sha1-XRKFFd8TT/Mn6QpMk/Tgd6U2NB8=",
      "requires": {
        "ms": "2.0.0"
      }
    },
    "encoding": {
      "version": "0.1.12",
      "resolved": "https://artifactory-eng.cargurus.com/artifactory/api/npm/npm-registry/encoding/-/encoding-0.1.12.tgz",
      "integrity": "sha1-U4tm8+5izRq1HsMjgp0flIDHS+s=",
      "requires": {
        "iconv-lite": "~0.4.13"
      }
    },
    "google-tts-api": {
      "version": "0.0.4",
      "resolved": "https://artifactory-eng.cargurus.com/artifactory/api/npm/npm-registry/google-tts-api/-/google-tts-api-0.0.4.tgz",
      "integrity": "sha1-dsa3PeNwPNylos0hG8d+P5VYX+A=",
      "requires": {
        "isomorphic-fetch": "^2.2.1"
      }
    },
    "html-entities": {
      "version": "1.2.1",
      "resolved": "https://artifactory-eng.cargurus.com/artifactory/api/npm/npm-registry/html-entities/-/html-entities-1.2.1.tgz",
      "integrity": "sha1-DfKTUfByEWNRXfueVUPl9u7VFi8="
    },
    "iconv-lite": {
      "version": "0.4.24",
      "resolved": "https://artifactory-eng.cargurus.com/artifactory/api/npm/npm-registry/iconv-lite/-/iconv-lite-0.4.24.tgz",
      "integrity": "sha1-ICK0sl+93CHS9SSXSkdKr+czkIs=",
      "requires": {
        "safer-buffer": ">= 2.1.2 < 3"
      }
    },
    "is-stream": {
      "version": "1.1.0",
      "resolved": "https://artifactory-eng.cargurus.com/artifactory/api/npm/npm-registry/is-stream/-/is-stream-1.1.0.tgz",
      "integrity": "sha1-EtSj3U5o4Lec6428hBc66A2RykQ="
    },
    "isomorphic-fetch": {
      "version": "2.2.1",
      "resolved": "https://artifactory-eng.cargurus.com/artifactory/api/npm/npm-registry/isomorphic-fetch/-/isomorphic-fetch-2.2.1.tgz",
      "integrity": "sha1-YRrhrPFPXoH3KVB0coGf6XM1WKk=",
      "requires": {
        "node-fetch": "^1.0.1",
        "whatwg-fetch": ">=0.10.0"
      }
    },
    "m3u8stream": {
      "version": "0.6.3",
      "resolved": "https://artifactory-eng.cargurus.com/artifactory/api/npm/npm-registry/m3u8stream/-/m3u8stream-0.6.3.tgz",
      "integrity": "sha1-89yMJalqaGQJA8q0dFC2paw25YU=",
      "requires": {
        "miniget": "^1.6.1",
        "sax": "^1.2.4"
      }
    },
    "miniget": {
      "version": "1.6.1",
      "resolved": "https://artifactory-eng.cargurus.com/artifactory/api/npm/npm-registry/miniget/-/miniget-1.6.1.tgz",
      "integrity": "sha1-8a4Io04GorHDrOVoOE6g3vL+WBM="
    },
    "ms": {
      "version": "2.0.0",
      "resolved": "https://artifactory-eng.cargurus.com/artifactory/api/npm/npm-registry/ms/-/ms-2.0.0.tgz",
      "integrity": "sha1-VgiurfwAvmwpAd9fmGF4jeDVl8g="
    },
    "nan": {
      "version": "2.14.0",
      "resolved": "https://artifactory-eng.cargurus.com/artifactory/api/npm/npm-registry/nan/-/nan-2.14.0.tgz",
      "integrity": "sha1-eBj3IgJ7JFmobwKV1DTR/CM2xSw="
    },
    "node-fetch": {
      "version": "1.7.3",
      "resolved": "https://artifactory-eng.cargurus.com/artifactory/api/npm/npm-registry/node-fetch/-/node-fetch-1.7.3.tgz",
      "integrity": "sha1-mA9vcthSEaU0fGsrwYxbhMPrR+8=",
      "requires": {
        "encoding": "^0.1.11",
        "is-stream": "^1.0.1"
      }
    },
    "node-opus": {
      "version": "0.3.3",
      "resolved": "https://artifactory-eng.cargurus.com/artifactory/api/npm/npm-registry/node-opus/-/node-opus-0.3.3.tgz",
      "integrity": "sha1-veI2mxO3009uNdKn/JfX5JNtAhE=",
      "requires": {
        "bindings": "~1.2.1",
        "commander": "^2.9.0",
        "nan": "^2.14.0",
        "ogg-packet": "^1.0.0"
      }
    },
    "ogg-packet": {
      "version": "1.0.1",
      "resolved": "https://artifactory-eng.cargurus.com/artifactory/api/npm/npm-registry/ogg-packet/-/ogg-packet-1.0.1.tgz",
      "integrity": "sha1-a31senQ8XxrpJ3w7EnHKwlavR4U=",
      "optional": true,
      "requires": {
        "ref-struct": "*"
      }
    },
    "ref": {
      "version": "1.3.5",
      "resolved": "https://artifactory-eng.cargurus.com/artifactory/api/npm/npm-registry/ref/-/ref-1.3.5.tgz",
      "integrity": "sha1-DjPwgM25Sj2VMSsrOx/Q+CBEyg8=",
      "optional": true,
      "requires": {
        "bindings": "1",
        "debug": "2",
        "nan": "2"
      }
    },
    "ref-struct": {
      "version": "1.1.0",
      "resolved": "https://artifactory-eng.cargurus.com/artifactory/api/npm/npm-registry/ref-struct/-/ref-struct-1.1.0.tgz",
      "integrity": "sha1-XV7mWtQc78Olxf60BYcmHkee3BM=",
      "optional": true,
      "requires": {
        "debug": "2",
        "ref": "1"
      }
    },
    "safer-buffer": {
      "version": "2.1.2",
      "resolved": "https://artifactory-eng.cargurus.com/artifactory/api/npm/npm-registry/safer-buffer/-/safer-buffer-2.1.2.tgz",
      "integrity": "sha1-RPoWGwGHuVSd2Eu5GAL5vYOFzWo="
    },
    "sax": {
      "version": "1.2.4",
      "resolved": "https://artifactory-eng.cargurus.com/artifactory/api/npm/npm-registry/sax/-/sax-1.2.4.tgz",
      "integrity": "sha1-KBYjTiN4vdxOU1T6tcqold9xANk="
    },
    "whatwg-fetch": {
      "version": "3.0.0",
      "resolved": "https://artifactory-eng.cargurus.com/artifactory/api/npm/npm-registry/whatwg-fetch/-/whatwg-fetch-3.0.0.tgz",
      "integrity": "sha1-/IBORYzEYACbGiuWa8iBfSV4rvs="
    },
    "ytdl-core": {
      "version": "1.0.3",
      "resolved": "https://artifactory-eng.cargurus.com/artifactory/api/npm/npm-registry/ytdl-core/-/ytdl-core-1.0.3.tgz",
      "integrity": "sha1-gTVWVGLGEgSlls+0eF+QmxZ4Poo=",
      "requires": {
        "html-entities": "^1.1.3",
        "m3u8stream": "^0.6.3",
        "miniget": "^1.6.0",
        "sax": "^1.1.3"
      }
    }
  }
}
